
Microsoft Visual Studio Solution File, Format Version 12.00
# Visual Studio Version 17
VisualStudioVersion = 17.10.34928.147
MinimumVisualStudioVersion = 10.0.40219.1
Project("{FAE04EC0-301F-11D3-BF4B-00C04F79EFBC}") = "P4", "P4\P4.csproj", "{B51F1CB3-B889-41D8-ADE1-C110FDF5BD00}"
EndProject
Global
	GlobalSection(SolutionConfigurationPlatforms) = preSolution
		Debug|Any CPU = Debug|Any CPU
		Release|Any CPU = Release|Any CPU
	EndGlobalSection
	GlobalSection(ProjectConfigurationPlatforms) = postSolution
		{B51F1CB3-B889-41D8-ADE1-C110FDF5BD00}.Debug|Any CPU.ActiveCfg = Debug|Any CPU
		{B51F1CB3-B889-41D8-ADE1-C110FDF5BD00}.Debug|Any CPU.Build.0 = Debug|Any CPU
		{B51F1CB3-B889-41D8-ADE1-C110FDF5BD00}.Release|Any CPU.ActiveCfg = Release|Any CPU
		{B51F1CB3-B889-41D8-ADE1-C110FDF5BD00}.Release|Any CPU.Build.0 = Release|Any CPU
	EndGlobalSection
	GlobalSection(SolutionProperties) = preSolution
		HideSolutionNode = FALSE
	EndGlobalSection
	GlobalSection(ExtensibilityGlobals) = postSolution
		SolutionGuid = {32CC49C8-B1F2-4C60-96AB-744023893DBF}
	EndGlobalSection
EndGlobal
